# THIS IS AN AUTOGENERATED FILE. DO NOT EDIT THIS FILE DIRECTLY.
# yarn lockfile v1


"@types/node@^17.0.21":
  "integrity" "sha512-DBZCJbhII3r90XbQxI8Y9IjjiiOGlZ0Hr32omXIZvwwZ7p4DMMXGrKXVyPfuoBOri9XNtL0UK69jYIBIsRX3QQ=="
  "resolved" "https://registry.npmjs.org/@types/node/-/node-17.0.21.tgz"
  "version" "17.0.21"

"emoji-regex@^9.0.0":
  "integrity" "sha512-L18DaJsXSUk2+42pv8mLs5jJT2hqFkFE4j21wOmgbUqsZ2hL72NsUU785g9RXgo3s0ZNgVl42TiHp3ZtOv/Vyg=="
  "resolved" "https://registry.npmjs.org/emoji-regex/-/emoji-regex-9.2.2.tgz"
  "version" "9.2.2"

"extract-lemmatized-nonstop-words@^1.0.19":
  "integrity" "sha512-CUtCdRrvzX+Y9CKoI/wvcVSAVgrBNeec7pnAZ6sLCkVZz9/2Zf/R89F0GoPDnaG7yu7KrH2aRLsBaqNybgTpqA=="
  "resolved" "https://registry.npmjs.org/extract-lemmatized-nonstop-words/-/extract-lemmatized-nonstop-words-1.0.19.tgz"
  "version" "1.0.19"
  dependencies:
    "text-preprocessor" "^1.1.1"
    "wink-lemmatizer" "^3.0.1"
    "wink-pos-tagger" "^2.2.1"

"ip-regex@^4.1.0":
  "integrity" "sha512-B9ZWJxHHOHUhUjCPrMpLD4xEq35bUTClHM1S6CBU5ixQnkZmwipwgc96vAd7AAGM9TGHvJR+Uss+/Ak6UphK+Q=="
  "resolved" "https://registry.npmjs.org/ip-regex/-/ip-regex-4.3.0.tgz"
  "version" "4.3.0"

"lodash@^4.17.11":
  "integrity" "sha512-v2kDEe57lecTulaDIuNTPy3Ry4gLGJ6Z1O3vE1krgXZNrsQ+LFTGHVxVjcXPs17LhbZVGedAJv8XZ1tvj5FvSg=="
  "resolved" "https://registry.npmjs.org/lodash/-/lodash-4.17.21.tgz"
  "version" "4.17.21"

"text-preprocessor@^1.1.1":
  "integrity" "sha512-+reL3S9Altk4Jcnuxopz6KC/U0pFWx0H+INnlC90lDqBxjHrp7BdQHYZRFJI0RdNVuuGFGl0bQqW+V+zAnj9bw=="
  "resolved" "https://registry.npmjs.org/text-preprocessor/-/text-preprocessor-1.1.1.tgz"
  "version" "1.1.1"
  dependencies:
    "lodash" "^4.17.11"
    "url-regex" "^5.0.0"

"tlds@^1.203.0":
  "integrity" "sha512-QFuY6JBWZt2bZXlapjqsojul5dv9xfo7Uc8wTUlctJOuF+BS/ICni2f4x7MFiT7muUVmcKC1LvGnU4GWhYO0PQ=="
  "resolved" "https://registry.npmjs.org/tlds/-/tlds-1.230.0.tgz"
  "version" "1.230.0"

"tsc@^2.0.4":
  "integrity" "sha512-fzoSieZI5KKJVBYGvwbVZs/J5za84f2lSTLPYf6AGiIf43tZ3GNrI1QzTLcjtyDDP4aLxd46RTZq1nQxe7+k5Q=="
  "resolved" "https://registry.npmjs.org/tsc/-/tsc-2.0.4.tgz"
  "version" "2.0.4"

"url-regex@^5.0.0":
  "integrity" "sha512-O08GjTiAFNsSlrUWfqF1jH0H1W3m35ZyadHrGv5krdnmPPoxP27oDTqux/579PtaroiSGm5yma6KT1mHFH6Y/g=="
  "resolved" "https://registry.npmjs.org/url-regex/-/url-regex-5.0.0.tgz"
  "version" "5.0.0"
  dependencies:
    "ip-regex" "^4.1.0"
    "tlds" "^1.203.0"

"wink-helpers@^2.0.0":
  "integrity" "sha512-I/ZzXrHcNRXuoeFJmp2vMVqDI6UCK02Tds1WP4kSGAmx520gjL1BObVzF7d2ps24tyHIly9ngdB2jwhlFUjPvg=="
  "resolved" "https://registry.npmjs.org/wink-helpers/-/wink-helpers-2.0.0.tgz"
  "version" "2.0.0"

"wink-lemmatizer@^3.0.1":
  "integrity" "sha512-0G572wdcujnRfpjSKs2lDXjA2+8APzkQu+gsREzzOjqg39C1ACE912veMwx2onlbYfUifsZRVaLZUOXjsHFVzA=="
  "resolved" "https://registry.npmjs.org/wink-lemmatizer/-/wink-lemmatizer-3.0.2.tgz"
  "version" "3.0.2"
  dependencies:
    "wink-lexicon" "^2.1.2"
    "wink-porter2-stemmer" "^2.0.0"

"wink-lexicon@^2.1.1", "wink-lexicon@^2.1.2":
  "integrity" "sha512-LUIVIKNIURMHN38leZXWP+ZE0b1jWUdGDHfgV6kmPSHy2AqwHS/n8xGADRsfJxJamLb6BwQY713/w2XnWYk/HQ=="
  "resolved" "https://registry.npmjs.org/wink-lexicon/-/wink-lexicon-2.1.2.tgz"
  "version" "2.1.2"

"wink-porter2-stemmer@^2.0.0":
  "integrity" "sha512-0g+RkkqhRXFmSpJQStVXW5N/WsshWpJXsoDRW7DwVkGI2uDT6IBCoq3xdH5p6IHLaC6ygk7RWUsUx4alKxoagQ=="
  "resolved" "https://registry.npmjs.org/wink-porter2-stemmer/-/wink-porter2-stemmer-2.0.1.tgz"
  "version" "2.0.1"

"wink-pos-tagger@^2.2.1":
  "integrity" "sha512-+bhkwqwwChqWR75ksFKVJZQagwu404UmnvFjxr+OWZ02/ZJAv19N/iqDpMeYRQRxatk5N+W9pXIKEDJsVrzGyw=="
  "resolved" "https://registry.npmjs.org/wink-pos-tagger/-/wink-pos-tagger-2.2.2.tgz"
  "version" "2.2.2"
  dependencies:
    "wink-helpers" "^2.0.0"
    "wink-lemmatizer" "^3.0.1"
    "wink-lexicon" "^2.1.1"
    "wink-porter2-stemmer" "^2.0.0"
    "wink-tokenizer" "^5.2.1"

"wink-tokenizer@^5.2.1":
  "integrity" "sha512-O/yAw0g3FmSgeeQuYAJJfP7fVPB4A6ay0018qASh79aWmIOyPYy4j4r9EQT8xBjicja6lCLvgRVAybmEBaATQA=="
  "resolved" "https://registry.npmjs.org/wink-tokenizer/-/wink-tokenizer-5.3.0.tgz"
  "version" "5.3.0"
  dependencies:
    "emoji-regex" "^9.0.0"
